
Microsoft Visual Studio Solution File, Format Version 12.00
# Visual Studio Version 16
VisualStudioVersion = 16.0.30413.136
MinimumVisualStudioVersion = 10.0.40219.1
Project("{FAE04EC0-301F-11D3-BF4B-00C04F79EFBC}") = "DemoGithub", "DemoGithub\DemoGithub.csproj", "{D1A8BD42-E854-4126-98D7-902274BCCD3B}"
EndProject
Global
	GlobalSection(SolutionConfigurationPlatforms) = preSolution
		Debug|Any CPU = Debug|Any CPU
		Release|Any CPU = Release|Any CPU
	EndGlobalSection
	GlobalSection(ProjectConfigurationPlatforms) = postSolution
		{D1A8BD42-E854-4126-98D7-902274BCCD3B}.Debug|Any CPU.ActiveCfg = Debug|Any CPU
		{D1A8BD42-E854-4126-98D7-902274BCCD3B}.Debug|Any CPU.Build.0 = Debug|Any CPU
		{D1A8BD42-E854-4126-98D7-902274BCCD3B}.Release|Any CPU.ActiveCfg = Release|Any CPU
		{D1A8BD42-E854-4126-98D7-902274BCCD3B}.Release|Any CPU.Build.0 = Release|Any CPU
	EndGlobalSection
	GlobalSection(SolutionProperties) = preSolution
		HideSolutionNode = FALSE
	EndGlobalSection
	GlobalSection(ExtensibilityGlobals) = postSolution
		SolutionGuid = {DBCB2597-B53F-490C-BB25-B788809F9F5E}
	EndGlobalSection
EndGlobal
